{
  "originHash" : "fbdec518f66720abc9cceef1ea36ee3229c4faa09fdcfd36f45e77839c989f98",
  "pins" : [
    {
      "identity" : "purchases-ios",
      "kind" : "remoteSourceControl",
      "location" : "https://github.com/RevenueCat/purchases-ios",
      "state" : {
        "revision" : "7ac8ce4ef91b8642b66353b123a3cca43a2f976c",
        "version" : "5.31.0"
      }
    }
  ],
  "version" : 3
}
